// !$*UTF8*$!
{
	archiveVersion = 1;
	classes = {
	};
	objectVersion = 46;
	objects = {

/* Begin PBXBuildFile section */
		098F1ADF8219BDE309F6FA51 /* Pods_iOSApp.framework in Frameworks */ = {isa = PBXBuildFile; fileRef = CBEF6182216DD8C4FD56CADA /* Pods_iOSApp.framework */; };
		69655AE1B98D63262BF68773 /* Pods_iOSAppTests.framework in Frameworks */ = {isa = PBXBuildFile; fileRef = 1B596694FBDC40550FAC445F /* Pods_iOSAppTests.framework */; };
		A324C34121DDDBE10047CDFD /* AppDelegate.swift in Sources */ = {isa = PBXBuildFile; fileRef = A324C34021DDDBE10047CDFD /* AppDelegate.swift */; };
		A324C34321DDDBE20047CDFD /* ViewController.swift in Sources */ = {isa = PBXBuildFile; fileRef = A324C34221DDDBE20047CDFD /* ViewController.swift */; };
		A324C34821DDDBE20047CDFD /* Assets.xcassets in Resources */ = {isa = PBXBuildFile; fileRef = A324C34721DDDBE20047CDFD /* Assets.xcassets */; };
		A324C34B21DDDBE20047CDFD /* LaunchScreen.storyboard in Resources */ = {isa = PBXBuildFile; fileRef = A324C34921DDDBE20047CDFD /* LaunchScreen.storyboard */; };
		A324C35621DDDBE50047CDFD /* iOSAppTests.swift in Sources */ = {isa = PBXBuildFile; fileRef = A324C35521DDDBE50047CDFD /* iOSAppTests.swift */; };
		A33EA72621DF4A5600824CB3 /* Constants.swift in Sources */ = {isa = PBXBuildFile; fileRef = A33EA72321DF4A5600824CB3 /* Constants.swift */; };
		A33EA72721DF4A5600824CB3 /* DataAPI.swift in Sources */ = {isa = PBXBuildFile; fileRef = A33EA72421DF4A5600824CB3 /* DataAPI.swift */; };
		A33EA72821DF4A5600824CB3 /* DataModel.swift in Sources */ = {isa = PBXBuildFile; fileRef = A33EA72521DF4A5600824CB3 /* DataModel.swift */; };
		A353A34C21E359AC006AAE54 /* Reachability.swift in Sources */ = {isa = PBXBuildFile; fileRef = A353A34B21E359AC006AAE54 /* Reachability.swift */; };
		A368D1E921E8F8D5001CBB40 /* iOSAppDataModel.swift in Sources */ = {isa = PBXBuildFile; fileRef = A368D1E821E8F8D5001CBB40 /* iOSAppDataModel.swift */; };
		A368D1EB21E8F9B9001CBB40 /* iOSAppDataAPITest.swift in Sources */ = {isa = PBXBuildFile; fileRef = A368D1EA21E8F9B9001CBB40 /* iOSAppDataAPITest.swift */; };
		A36906EB21DE0CC500D8E1D8 /* DetailTableViewCell.swift in Sources */ = {isa = PBXBuildFile; fileRef = A36906EA21DE0CC500D8E1D8 /* DetailTableViewCell.swift */; };
/* End PBXBuildFile section */

/* Begin PBXContainerItemProxy section */
		A324C35221DDDBE40047CDFD /* PBXContainerItemProxy */ = {
			isa = PBXContainerItemProxy;
			containerPortal = A324C33521DDDBE10047CDFD /* Project object */;
			proxyType = 1;
			remoteGlobalIDString = A324C33C21DDDBE10047CDFD;
			remoteInfo = iOSApp;
		};
/* End PBXContainerItemProxy section */

/* Begin PBXFileReference section */
		1B596694FBDC40550FAC445F /* Pods_iOSAppTests.framework */ = {isa = PBXFileReference; explicitFileType = wrapper.framework; includeInIndex = 0; path = Pods_iOSAppTests.framework; sourceTree = BUILT_PRODUCTS_DIR; };
		42410BFE911A9F60753AA8D8 /* Pods-iOSAppTests.debug.xcconfig */ = {isa = PBXFileReference; includeInIndex = 1; lastKnownFileType = text.xcconfig; name = "Pods-iOSAppTests.debug.xcconfig"; path = "Pods/Target Support Files/Pods-iOSAppTests/Pods-iOSAppTests.debug.xcconfig"; sourceTree = "<group>"; };
		52C1D641CD10797B6B900CAA /* Pods-iOSApp.debug.xcconfig */ = {isa = PBXFileReference; includeInIndex = 1; lastKnownFileType = text.xcconfig; name = "Pods-iOSApp.debug.xcconfig"; path = "Pods/Target Support Files/Pods-iOSApp/Pods-iOSApp.debug.xcconfig"; sourceTree = "<group>"; };
		75D139BD66D8ABE26E622561 /* Pods-iOSApp.release.xcconfig */ = {isa = PBXFileReference; includeInIndex = 1; lastKnownFileType = text.xcconfig; name = "Pods-iOSApp.release.xcconfig"; path = "Pods/Target Support Files/Pods-iOSApp/Pods-iOSApp.release.xcconfig"; sourceTree = "<group>"; };
		788150F0ADEB44910D9ADFCE /* Pods-iOSAppTests.release.xcconfig */ = {isa = PBXFileReference; includeInIndex = 1; lastKnownFileType = text.xcconfig; name = "Pods-iOSAppTests.release.xcconfig"; path = "Pods/Target Support Files/Pods-iOSAppTests/Pods-iOSAppTests.release.xcconfig"; sourceTree = "<group>"; };
		A324C33D21DDDBE10047CDFD /* iOSApp.app */ = {isa = PBXFileReference; explicitFileType = wrapper.application; includeInIndex = 0; path = iOSApp.app; sourceTree = BUILT_PRODUCTS_DIR; };
		A324C34021DDDBE10047CDFD /* AppDelegate.swift */ = {isa = PBXFileReference; lastKnownFileType = sourcecode.swift; path = AppDelegate.swift; sourceTree = "<group>"; };
		A324C34221DDDBE20047CDFD /* ViewController.swift */ = {isa = PBXFileReference; lastKnownFileType = sourcecode.swift; path = ViewController.swift; sourceTree = "<group>"; };
		A324C34721DDDBE20047CDFD /* Assets.xcassets */ = {isa = PBXFileReference; lastKnownFileType = folder.assetcatalog; path = Assets.xcassets; sourceTree = "<group>"; };
		A324C34A21DDDBE20047CDFD /* Base */ = {isa = PBXFileReference; lastKnownFileType = file.storyboard; name = Base; path = Base.lproj/LaunchScreen.storyboard; sourceTree = "<group>"; };
		A324C34C21DDDBE30047CDFD /* Info.plist */ = {isa = PBXFileReference; lastKnownFileType = text.plist.xml; path = Info.plist; sourceTree = "<group>"; };
		A324C35121DDDBE40047CDFD /* iOSAppTests.xctest */ = {isa = PBXFileReference; explicitFileType = wrapper.cfbundle; includeInIndex = 0; path = iOSAppTests.xctest; sourceTree = BUILT_PRODUCTS_DIR; };
		A324C35521DDDBE50047CDFD /* iOSAppTests.swift */ = {isa = PBXFileReference; lastKnownFileType = sourcecode.swift; path = iOSAppTests.swift; sourceTree = "<group>"; };
		A324C35721DDDBE50047CDFD /* Info.plist */ = {isa = PBXFileReference; lastKnownFileType = text.plist.xml; path = Info.plist; sourceTree = "<group>"; };
		A33EA72321DF4A5600824CB3 /* Constants.swift */ = {isa = PBXFileReference; fileEncoding = 4; lastKnownFileType = sourcecode.swift; path = Constants.swift; sourceTree = "<group>"; };
		A33EA72421DF4A5600824CB3 /* DataAPI.swift */ = {isa = PBXFileReference; fileEncoding = 4; lastKnownFileType = sourcecode.swift; path = DataAPI.swift; sourceTree = "<group>"; };
		A33EA72521DF4A5600824CB3 /* DataModel.swift */ = {isa = PBXFileReference; fileEncoding = 4; lastKnownFileType = sourcecode.swift; path = DataModel.swift; sourceTree = "<group>"; };
		A353A34B21E359AC006AAE54 /* Reachability.swift */ = {isa = PBXFileReference; fileEncoding = 4; lastKnownFileType = sourcecode.swift; path = Reachability.swift; sourceTree = "<group>"; };
		A368D1E821E8F8D5001CBB40 /* iOSAppDataModel.swift */ = {isa = PBXFileReference; fileEncoding = 4; lastKnownFileType = sourcecode.swift; path = iOSAppDataModel.swift; sourceTree = "<group>"; };
		A368D1EA21E8F9B9001CBB40 /* iOSAppDataAPITest.swift */ = {isa = PBXFileReference; fileEncoding = 4; lastKnownFileType = sourcecode.swift; path = iOSAppDataAPITest.swift; sourceTree = "<group>"; };
		A36906EA21DE0CC500D8E1D8 /* DetailTableViewCell.swift */ = {isa = PBXFileReference; fileEncoding = 4; lastKnownFileType = sourcecode.swift; path = DetailTableViewCell.swift; sourceTree = "<group>"; };
		CBEF6182216DD8C4FD56CADA /* Pods_iOSApp.framework */ = {isa = PBXFileReference; explicitFileType = wrapper.framework; includeInIndex = 0; path = Pods_iOSApp.framework; sourceTree = BUILT_PRODUCTS_DIR; };
/* End PBXFileReference section */

/* Begin PBXFrameworksBuildPhase section */
		A324C33A21DDDBE10047CDFD /* Frameworks */ = {
			isa = PBXFrameworksBuildPhase;
			buildActionMask = 2147483647;
			files = (
				098F1ADF8219BDE309F6FA51 /* Pods_iOSApp.framework in Frameworks */,
			);
			runOnlyForDeploymentPostprocessing = 0;
		};
		A324C34E21DDDBE40047CDFD /* Frameworks */ = {
			isa = PBXFrameworksBuildPhase;
			buildActionMask = 2147483647;
			files = (
				69655AE1B98D63262BF68773 /* Pods_iOSAppTests.framework in Frameworks */,
			);
			runOnlyForDeploymentPostprocessing = 0;
		};
/* End PBXFrameworksBuildPhase section */

/* Begin PBXGroup section */
		64F8CD30AFBFFA256292586A /* Pods */ = {
			isa = PBXGroup;
			children = (
				52C1D641CD10797B6B900CAA /* Pods-iOSApp.debug.xcconfig */,
				75D139BD66D8ABE26E622561 /* Pods-iOSApp.release.xcconfig */,
				42410BFE911A9F60753AA8D8 /* Pods-iOSAppTests.debug.xcconfig */,
				788150F0ADEB44910D9ADFCE /* Pods-iOSAppTests.release.xcconfig */,
			);
			name = Pods;
			sourceTree = "<group>";
		};
		A324C33421DDDBE10047CDFD = {
			isa = PBXGroup;
			children = (
				A324C33F21DDDBE10047CDFD /* iOSApp */,
				A324C35421DDDBE40047CDFD /* iOSAppTests */,
				A324C33E21DDDBE10047CDFD /* Products */,
				64F8CD30AFBFFA256292586A /* Pods */,
				A9F3FA729283460F1A4940B7 /* Frameworks */,
			);
			sourceTree = "<group>";
		};
		A324C33E21DDDBE10047CDFD /* Products */ = {
			isa = PBXGroup;
			children = (
				A324C33D21DDDBE10047CDFD /* iOSApp.app */,
				A324C35121DDDBE40047CDFD /* iOSAppTests.xctest */,
			);
			name = Products;
			sourceTree = "<group>";
		};
		A324C33F21DDDBE10047CDFD /* iOSApp */ = {
			isa = PBXGroup;
			children = (
				A36C0BF721E35598009AC99F /* Network */,
				A33EA72B21DF7D0800824CB3 /* Model */,
				A33EA72A21DF7CE300824CB3 /* Service */,
				A33EA72921DF7CD200824CB3 /* Utils */,
				A36906E921DE0C6300D8E1D8 /* Customcell */,
				A36906E621DE040D00D8E1D8 /* ViewController */,
				A324C34021DDDBE10047CDFD /* AppDelegate.swift */,
				A324C34721DDDBE20047CDFD /* Assets.xcassets */,
				A324C34921DDDBE20047CDFD /* LaunchScreen.storyboard */,
				A324C34C21DDDBE30047CDFD /* Info.plist */,
			);
			path = iOSApp;
			sourceTree = "<group>";
		};
		A324C35421DDDBE40047CDFD /* iOSAppTests */ = {
			isa = PBXGroup;
			children = (
				A324C35521DDDBE50047CDFD /* iOSAppTests.swift */,
				A324C35721DDDBE50047CDFD /* Info.plist */,
				A368D1E821E8F8D5001CBB40 /* iOSAppDataModel.swift */,
				A368D1EA21E8F9B9001CBB40 /* iOSAppDataAPITest.swift */,
			);
			path = iOSAppTests;
			sourceTree = "<group>";
		};
		A33EA72921DF7CD200824CB3 /* Utils */ = {
			isa = PBXGroup;
			children = (
				A33EA72321DF4A5600824CB3 /* Constants.swift */,
			);
			name = Utils;
			sourceTree = "<group>";
		};
		A33EA72A21DF7CE300824CB3 /* Service */ = {
			isa = PBXGroup;
			children = (
				A33EA72421DF4A5600824CB3 /* DataAPI.swift */,
			);
			name = Service;
			sourceTree = "<group>";
		};
		A33EA72B21DF7D0800824CB3 /* Model */ = {
			isa = PBXGroup;
			children = (
				A33EA72521DF4A5600824CB3 /* DataModel.swift */,
			);
			name = Model;
			sourceTree = "<group>";
		};
		A36906E621DE040D00D8E1D8 /* ViewController */ = {
			isa = PBXGroup;
			children = (
				A324C34221DDDBE20047CDFD /* ViewController.swift */,
			);
			name = ViewController;
			sourceTree = "<group>";
		};
		A36906E921DE0C6300D8E1D8 /* Customcell */ = {
			isa = PBXGroup;
			children = (
				A36906EA21DE0CC500D8E1D8 /* DetailTableViewCell.swift */,
			);
			name = Customcell;
			sourceTree = "<group>";
		};
		A36C0BF721E35598009AC99F /* Network */ = {
			isa = PBXGroup;
			children = (
				A353A34B21E359AC006AAE54 /* Reachability.swift */,
			);
			name = Network;
			sourceTree = "<group>";
		};
		A9F3FA729283460F1A4940B7 /* Frameworks */ = {
			isa = PBXGroup;
			children = (
				CBEF6182216DD8C4FD56CADA /* Pods_iOSApp.framework */,
				1B596694FBDC40550FAC445F /* Pods_iOSAppTests.framework */,
			);
			name = Frameworks;
			sourceTree = "<group>";
		};
/* End PBXGroup section */

/* Begin PBXNativeTarget section */
		A324C33C21DDDBE10047CDFD /* iOSApp */ = {
			isa = PBXNativeTarget;
			buildConfigurationList = A324C35A21DDDBE50047CDFD /* Build configuration list for PBXNativeTarget "iOSApp" */;
			buildPhases = (
				9E363899626769F355231F06 /* [CP] Check Pods Manifest.lock */,
				A324C33921DDDBE10047CDFD /* Sources */,
				A324C33A21DDDBE10047CDFD /* Frameworks */,
				A324C33B21DDDBE10047CDFD /* Resources */,
				1AD82A48B364B178C3F3EC0F /* [CP] Embed Pods Frameworks */,
			);
			buildRules = (
			);
			dependencies = (
			);
			name = iOSApp;
			productName = iOSApp;
			productReference = A324C33D21DDDBE10047CDFD /* iOSApp.app */;
			productType = "com.apple.product-type.application";
		};
		A324C35021DDDBE40047CDFD /* iOSAppTests */ = {
			isa = PBXNativeTarget;
			buildConfigurationList = A324C35D21DDDBE50047CDFD /* Build configuration list for PBXNativeTarget "iOSAppTests" */;
			buildPhases = (
				97369463FA9E73D0877F6013 /* [CP] Check Pods Manifest.lock */,
				A324C34D21DDDBE40047CDFD /* Sources */,
				A324C34E21DDDBE40047CDFD /* Frameworks */,
				A324C34F21DDDBE40047CDFD /* Resources */,
			);
			buildRules = (
			);
			dependencies = (
				A324C35321DDDBE40047CDFD /* PBXTargetDependency */,
			);
			name = iOSAppTests;
			productName = iOSAppTests;
			productReference = A324C35121DDDBE40047CDFD /* iOSAppTests.xctest */;
			productType = "com.apple.product-type.bundle.unit-test";
		};
/* End PBXNativeTarget section */

/* Begin PBXProject section */
		A324C33521DDDBE10047CDFD /* Project object */ = {
			isa = PBXProject;
			attributes = {
				LastSwiftUpdateCheck = 0830;
				LastUpgradeCheck = 0830;
				ORGANIZATIONNAME = "iOS APP";
				TargetAttributes = {
					A324C33C21DDDBE10047CDFD = {
						CreatedOnToolsVersion = 8.3.3;
						ProvisioningStyle = Automatic;
					};
					A324C35021DDDBE40047CDFD = {
						CreatedOnToolsVersion = 8.3.3;
						ProvisioningStyle = Automatic;
						TestTargetID = A324C33C21DDDBE10047CDFD;
					};
				};
			};
			buildConfigurationList = A324C33821DDDBE10047CDFD /* Build configuration list for PBXProject "iOSApp" */;
			compatibilityVersion = "Xcode 3.2";
			developmentRegion = English;
			hasScannedForEncodings = 0;
			knownRegions = (
				en,
				Base,
			);
			mainGroup = A324C33421DDDBE10047CDFD;
			productRefGroup = A324C33E21DDDBE10047CDFD /* Products */;
			projectDirPath = "";
			projectRoot = "";
			targets = (
				A324C33C21DDDBE10047CDFD /* iOSApp */,
				A324C35021DDDBE40047CDFD /* iOSAppTests */,
			);
		};
/* End PBXProject section */

/* Begin PBXResourcesBuildPhase section */
		A324C33B21DDDBE10047CDFD /* Resources */ = {
			isa = PBXResourcesBuildPhase;
			buildActionMask = 2147483647;
			files = (
				A324C34B21DDDBE20047CDFD /* LaunchScreen.storyboard in Resources */,
				A324C34821DDDBE20047CDFD /* Assets.xcassets in Resources */,
			);
			runOnlyForDeploymentPostprocessing = 0;
		};
		A324C34F21DDDBE40047CDFD /* Resources */ = {
			isa = PBXResourcesBuildPhase;
			buildActionMask = 2147483647;
			files = (
			);
			runOnlyForDeploymentPostprocessing = 0;
		};
/* End PBXResourcesBuildPhase section */

/* Begin PBXShellScriptBuildPhase section */
		1AD82A48B364B178C3F3EC0F /* [CP] Embed Pods Frameworks */ = {
			isa = PBXShellScriptBuildPhase;
			buildActionMask = 2147483647;
			files = (
			);
			inputPaths = (
				"${SRCROOT}/Pods/Target Support Files/Pods-iOSApp/Pods-iOSApp-frameworks.sh",
				"${BUILT_PRODUCTS_DIR}/Alamofire/Alamofire.framework",
				"${BUILT_PRODUCTS_DIR}/AlamofireImage/AlamofireImage.framework",
				"${BUILT_PRODUCTS_DIR}/SwiftyJSON/SwiftyJSON.framework",
			);
			name = "[CP] Embed Pods Frameworks";
			outputPaths = (
				"${TARGET_BUILD_DIR}/${FRAMEWORKS_FOLDER_PATH}/Alamofire.framework",
				"${TARGET_BUILD_DIR}/${FRAMEWORKS_FOLDER_PATH}/AlamofireImage.framework",
				"${TARGET_BUILD_DIR}/${FRAMEWORKS_FOLDER_PATH}/SwiftyJSON.framework",
			);
			runOnlyForDeploymentPostprocessing = 0;
			shellPath = /bin/sh;
			shellScript = "\"${SRCROOT}/Pods/Target Support Files/Pods-iOSApp/Pods-iOSApp-frameworks.sh\"\n";
			showEnvVarsInLog = 0;
		};
		97369463FA9E73D0877F6013 /* [CP] Check Pods Manifest.lock */ = {
			isa = PBXShellScriptBuildPhase;
			buildActionMask = 2147483647;
			files = (
			);
			inputPaths = (
				"${PODS_PODFILE_DIR_PATH}/Podfile.lock",
				"${PODS_ROOT}/Manifest.lock",
			);
			name = "[CP] Check Pods Manifest.lock";
			outputPaths = (
				"$(DERIVED_FILE_DIR)/Pods-iOSAppTests-checkManifestLockResult.txt",
			);
			runOnlyForDeploymentPostprocessing = 0;
			shellPath = /bin/sh;
			shellScript = "diff \"${PODS_PODFILE_DIR_PATH}/Podfile.lock\" \"${PODS_ROOT}/Manifest.lock\" > /dev/null\nif [ $? != 0 ] ; then\n    # print error to STDERR\n    echo \"error: The sandbox is not in sync with the Podfile.lock. Run 'pod install' or update your CocoaPods installation.\" >&2\n    exit 1\nfi\n# This output is used by Xcode 'outputs' to avoid re-running this script phase.\necho \"SUCCESS\" > \"${SCRIPT_OUTPUT_FILE_0}\"\n";
			showEnvVarsInLog = 0;
		};
		9E363899626769F355231F06 /* [CP] Check Pods Manifest.lock */ = {
			isa = PBXShellScriptBuildPhase;
			buildActionMask = 2147483647;
			files = (
			);
			inputPaths = (
				"${PODS_PODFILE_DIR_PATH}/Podfile.lock",
				"${PODS_ROOT}/Manifest.lock",
			);
			name = "[CP] Check Pods Manifest.lock";
			outputPaths = (
				"$(DERIVED_FILE_DIR)/Pods-iOSApp-checkManifestLockResult.txt",
			);
			runOnlyForDeploymentPostprocessing = 0;
			shellPath = /bin/sh;
			shellScript = "diff \"${PODS_PODFILE_DIR_PATH}/Podfile.lock\" \"${PODS_ROOT}/Manifest.lock\" > /dev/null\nif [ $? != 0 ] ; then\n    # print error to STDERR\n    echo \"error: The sandbox is not in sync with the Podfile.lock. Run 'pod install' or update your CocoaPods installation.\" >&2\n    exit 1\nfi\n# This output is used by Xcode 'outputs' to avoid re-running this script phase.\necho \"SUCCESS\" > \"${SCRIPT_OUTPUT_FILE_0}\"\n";
			showEnvVarsInLog = 0;
		};
/* End PBXShellScriptBuildPhase section */

/* Begin PBXSourcesBuildPhase section */
		A324C33921DDDBE10047CDFD /* Sources */ = {
			isa = PBXSourcesBuildPhase;
			buildActionMask = 2147483647;
			files = (
				A353A34C21E359AC006AAE54 /* Reachability.swift in Sources */,
				A36906EB21DE0CC500D8E1D8 /* DetailTableViewCell.swift in Sources */,
				A33EA72721DF4A5600824CB3 /* DataAPI.swift in Sources */,
				A324C34321DDDBE20047CDFD /* ViewController.swift in Sources */,
				A324C34121DDDBE10047CDFD /* AppDelegate.swift in Sources */,
				A33EA72621DF4A5600824CB3 /* Constants.swift in Sources */,
				A33EA72821DF4A5600824CB3 /* DataModel.swift in Sources */,
			);
			runOnlyForDeploymentPostprocessing = 0;
		};
		A324C34D21DDDBE40047CDFD /* Sources */ = {
			isa = PBXSourcesBuildPhase;
			buildActionMask = 2147483647;
			files = (
				A324C35621DDDBE50047CDFD /* iOSAppTests.swift in Sources */,
				A368D1EB21E8F9B9001CBB40 /* iOSAppDataAPITest.swift in Sources */,
				A368D1E921E8F8D5001CBB40 /* iOSAppDataModel.swift in Sources */,
			);
			runOnlyForDeploymentPostprocessing = 0;
		};
/* End PBXSourcesBuildPhase section */

/* Begin PBXTargetDependency section */
		A324C35321DDDBE40047CDFD /* PBXTargetDependency */ = {
			isa = PBXTargetDependency;
			target = A324C33C21DDDBE10047CDFD /* iOSApp */;
			targetProxy = A324C35221DDDBE40047CDFD /* PBXContainerItemProxy */;
		};
/* End PBXTargetDependency section */

/* Begin PBXVariantGroup section */
		A324C34921DDDBE20047CDFD /* LaunchScreen.storyboard */ = {
			isa = PBXVariantGroup;
			children = (
				A324C34A21DDDBE20047CDFD /* Base */,
			);
			name = LaunchScreen.storyboard;
			sourceTree = "<group>";
		};
/* End PBXVariantGroup section */

/* Begin XCBuildConfiguration section */
		A324C35821DDDBE50047CDFD /* Debug */ = {
			isa = XCBuildConfiguration;
			buildSettings = {
				ALWAYS_SEARCH_USER_PATHS = NO;
				CLANG_ANALYZER_NONNULL = YES;
				CLANG_ANALYZER_NUMBER_OBJECT_CONVERSION = YES_AGGRESSIVE;
				CLANG_CXX_LANGUAGE_STANDARD = "gnu++0x";
				CLANG_CXX_LIBRARY = "libc++";
				CLANG_ENABLE_MODULES = YES;
				CLANG_ENABLE_OBJC_ARC = YES;
				CLANG_WARN_BOOL_CONVERSION = YES;
				CLANG_WARN_CONSTANT_CONVERSION = YES;
				CLANG_WARN_DIRECT_OBJC_ISA_USAGE = YES_ERROR;
				CLANG_WARN_DOCUMENTATION_COMMENTS = YES;
				CLANG_WARN_EMPTY_BODY = YES;
				CLANG_WARN_ENUM_CONVERSION = YES;
				CLANG_WARN_INFINITE_RECURSION = YES;
				CLANG_WARN_INT_CONVERSION = YES;
				CLANG_WARN_OBJC_ROOT_CLASS = YES_ERROR;
				CLANG_WARN_SUSPICIOUS_MOVE = YES;
				CLANG_WARN_UNREACHABLE_CODE = YES;
				CLANG_WARN__DUPLICATE_METHOD_MATCH = YES;
				"CODE_SIGN_IDENTITY[sdk=iphoneos*]" = "iPhone Developer";
				COPY_PHASE_STRIP = NO;
				DEBUG_INFORMATION_FORMAT = dwarf;
				ENABLE_STRICT_OBJC_MSGSEND = YES;
				ENABLE_TESTABILITY = YES;
				GCC_C_LANGUAGE_STANDARD = gnu99;
				GCC_DYNAMIC_NO_PIC = NO;
				GCC_NO_COMMON_BLOCKS = YES;
				GCC_OPTIMIZATION_LEVEL = 0;
				GCC_PREPROCESSOR_DEFINITIONS = (
					"DEBUG=1",
					"$(inherited)",
				);
				GCC_WARN_64_TO_32_BIT_CONVERSION = YES;
				GCC_WARN_ABOUT_RETURN_TYPE = YES_ERROR;
				GCC_WARN_UNDECLARED_SELECTOR = YES;
				GCC_WARN_UNINITIALIZED_AUTOS = YES_AGGRESSIVE;
				GCC_WARN_UNUSED_FUNCTION = YES;
				GCC_WARN_UNUSED_VARIABLE = YES;
				IPHONEOS_DEPLOYMENT_TARGET = 10.3;
				MTL_ENABLE_DEBUG_INFO = YES;
				ONLY_ACTIVE_ARCH = YES;
				SDKROOT = iphoneos;
				SWIFT_ACTIVE_COMPILATION_CONDITIONS = DEBUG;
				SWIFT_OPTIMIZATION_LEVEL = "-Onone";
				TARGETED_DEVICE_FAMILY = "1,2";
			};
			name = Debug;
		};
		A324C35921DDDBE50047CDFD /* Release */ = {
			isa = XCBuildConfiguration;
			buildSettings = {
				ALWAYS_SEARCH_USER_PATHS = NO;
				CLANG_ANALYZER_NONNULL = YES;
				CLANG_ANALYZER_NUMBER_OBJECT_CONVERSION = YES_AGGRESSIVE;
				CLANG_CXX_LANGUAGE_STANDARD = "gnu++0x";
				CLANG_CXX_LIBRARY = "libc++";
				CLANG_ENABLE_MODULES = YES;
				CLANG_ENABLE_OBJC_ARC = YES;
				CLANG_WARN_BOOL_CONVERSION = YES;
				CLANG_WARN_CONSTANT_CONVERSION = YES;
				CLANG_WARN_DIRECT_OBJC_ISA_USAGE = YES_ERROR;
				CLANG_WARN_DOCUMENTATION_COMMENTS = YES;
				CLANG_WARN_EMPTY_BODY = YES;
				CLANG_WARN_ENUM_CONVERSION = YES;
				CLANG_WARN_INFINITE_RECURSION = YES;
				CLANG_WARN_INT_CONVERSION = YES;
				CLANG_WARN_OBJC_ROOT_CLASS = YES_ERROR;
				CLANG_WARN_SUSPICIOUS_MOVE = YES;
				CLANG_WARN_UNREACHABLE_CODE = YES;
				CLANG_WARN__DUPLICATE_METHOD_MATCH = YES;
				"CODE_SIGN_IDENTITY[sdk=iphoneos*]" = "iPhone Developer";
				COPY_PHASE_STRIP = NO;
				DEBUG_INFORMATION_FORMAT = "dwarf-with-dsym";
				ENABLE_NS_ASSERTIONS = NO;
				ENABLE_STRICT_OBJC_MSGSEND = YES;
				GCC_C_LANGUAGE_STANDARD = gnu99;
				GCC_NO_COMMON_BLOCKS = YES;
				GCC_WARN_64_TO_32_BIT_CONVERSION = YES;
				GCC_WARN_ABOUT_RETURN_TYPE = YES_ERROR;
				GCC_WARN_UNDECLARED_SELECTOR = YES;
				GCC_WARN_UNINITIALIZED_AUTOS = YES_AGGRESSIVE;
				GCC_WARN_UNUSED_FUNCTION = YES;
				GCC_WARN_UNUSED_VARIABLE = YES;
				IPHONEOS_DEPLOYMENT_TARGET = 10.3;
				MTL_ENABLE_DEBUG_INFO = NO;
				SDKROOT = iphoneos;
				SWIFT_OPTIMIZATION_LEVEL = "-Owholemodule";
				TARGETED_DEVICE_FAMILY = "1,2";
				VALIDATE_PRODUCT = YES;
			};
			name = Release;
		};
		A324C35B21DDDBE50047CDFD /* Debug */ = {
			isa = XCBuildConfiguration;
			baseConfigurationReference = 52C1D641CD10797B6B900CAA /* Pods-iOSApp.debug.xcconfig */;
			buildSettings = {
				ASSETCATALOG_COMPILER_APPICON_NAME = AppIcon;
				INFOPLIST_FILE = iOSApp/Info.plist;
				LD_RUNPATH_SEARCH_PATHS = "$(inherited) @executable_path/Frameworks";
				PRODUCT_BUNDLE_IDENTIFIER = com.infosys.iOSApp;
				PRODUCT_NAME = "$(TARGET_NAME)";
				SWIFT_VERSION = 3.0;
				TARGETED_DEVICE_FAMILY = "1,2";
			};
			name = Debug;
		};
		A324C35C21DDDBE50047CDFD /* Release */ = {
			isa = XCBuildConfiguration;
			baseConfigurationReference = 75D139BD66D8ABE26E622561 /* Pods-iOSApp.release.xcconfig */;
			buildSettings = {
				ASSETCATALOG_COMPILER_APPICON_NAME = AppIcon;
				INFOPLIST_FILE = iOSApp/Info.plist;
				LD_RUNPATH_SEARCH_PATHS = "$(inherited) @executable_path/Frameworks";
				PRODUCT_BUNDLE_IDENTIFIER = com.infosys.iOSApp;
				PRODUCT_NAME = "$(TARGET_NAME)";
				SWIFT_VERSION = 3.0;
				TARGETED_DEVICE_FAMILY = "1,2";
			};
			name = Release;
		};
		A324C35E21DDDBE50047CDFD /* Debug */ = {
			isa = XCBuildConfiguration;
			baseConfigurationReference = 42410BFE911A9F60753AA8D8 /* Pods-iOSAppTests.debug.xcconfig */;
			buildSettings = {
				ALWAYS_EMBED_SWIFT_STANDARD_LIBRARIES = YES;
				BUNDLE_LOADER = "$(TEST_HOST)";
				INFOPLIST_FILE = iOSAppTests/Info.plist;
				LD_RUNPATH_SEARCH_PATHS = "$(inherited) @executable_path/Frameworks @loader_path/Frameworks";
				PRODUCT_BUNDLE_IDENTIFIER = com.infosys.iOSAppTests;
				PRODUCT_NAME = "$(TARGET_NAME)";
				SWIFT_VERSION = 3.0;
				TEST_HOST = "$(BUILT_PRODUCTS_DIR)/iOSApp.app/iOSApp";
			};
			name = Debug;
		};
		A324C35F21DDDBE50047CDFD /* Release */ = {
			isa = XCBuildConfiguration;
			baseConfigurationReference = 788150F0ADEB44910D9ADFCE /* Pods-iOSAppTests.release.xcconfig */;
			buildSettings = {
				ALWAYS_EMBED_SWIFT_STANDARD_LIBRARIES = YES;
				BUNDLE_LOADER = "$(TEST_HOST)";
				INFOPLIST_FILE = iOSAppTests/Info.plist;
				LD_RUNPATH_SEARCH_PATHS = "$(inherited) @executable_path/Frameworks @loader_path/Frameworks";
				PRODUCT_BUNDLE_IDENTIFIER = com.infosys.iOSAppTests;
				PRODUCT_NAME = "$(TARGET_NAME)";
				SWIFT_VERSION = 3.0;
				TEST_HOST = "$(BUILT_PRODUCTS_DIR)/iOSApp.app/iOSApp";
			};
			name = Release;
		};
/* End XCBuildConfiguration section */

/* Begin XCConfigurationList section */
		A324C33821DDDBE10047CDFD /* Build configuration list for PBXProject "iOSApp" */ = {
			isa = XCConfigurationList;
			buildConfigurations = (
				A324C35821DDDBE50047CDFD /* Debug */,
				A324C35921DDDBE50047CDFD /* Release */,
			);
			defaultConfigurationIsVisible = 0;
			defaultConfigurationName = Release;
		};
		A324C35A21DDDBE50047CDFD /* Build configuration list for PBXNativeTarget "iOSApp" */ = {
			isa = XCConfigurationList;
			buildConfigurations = (
				A324C35B21DDDBE50047CDFD /* Debug */,
				A324C35C21DDDBE50047CDFD /* Release */,
			);
			defaultConfigurationIsVisible = 0;
			defaultConfigurationName = Release;
		};
		A324C35D21DDDBE50047CDFD /* Build configuration list for PBXNativeTarget "iOSAppTests" */ = {
			isa = XCConfigurationList;
			buildConfigurations = (
				A324C35E21DDDBE50047CDFD /* Debug */,
				A324C35F21DDDBE50047CDFD /* Release */,
			);
			defaultConfigurationIsVisible = 0;
			defaultConfigurationName = Release;
		};
/* End XCConfigurationList section */
	};
	rootObject = A324C33521DDDBE10047CDFD /* Project object */;
}
